
Microsoft Visual Studio Solution File, Format Version 12.00
# Visual Studio Version 16
VisualStudioVersion = 16.0.30002.166
MinimumVisualStudioVersion = 10.0.40219.1
Project("{FAE04EC0-301F-11D3-BF4B-00C04F79EFBC}") = "WebApplication1", "WebApplication1\WebApplication1.csproj", "{636CA5FA-3781-44C8-8904-7740FEDBD11D}"
EndProject
Project("{2150E333-8FDC-42A3-9474-1A3956D46DE8}") = "WebApp", "WebApp", "{C7B6C9F2-43F8-44C8-99B8-AFAB0878B612}"
	ProjectSection(SolutionItems) = preProject
		Dockerfile = Dockerfile
	EndProjectSection
EndProject
Global
	GlobalSection(SolutionConfigurationPlatforms) = preSolution
		Debug|Any CPU = Debug|Any CPU
		Release|Any CPU = Release|Any CPU
	EndGlobalSection
	GlobalSection(ProjectConfigurationPlatforms) = postSolution
		{636CA5FA-3781-44C8-8904-7740FEDBD11D}.Debug|Any CPU.ActiveCfg = Debug|Any CPU
		{636CA5FA-3781-44C8-8904-7740FEDBD11D}.Debug|Any CPU.Build.0 = Debug|Any CPU
		{636CA5FA-3781-44C8-8904-7740FEDBD11D}.Release|Any CPU.ActiveCfg = Release|Any CPU
		{636CA5FA-3781-44C8-8904-7740FEDBD11D}.Release|Any CPU.Build.0 = Release|Any CPU
	EndGlobalSection
	GlobalSection(SolutionProperties) = preSolution
		HideSolutionNode = FALSE
	EndGlobalSection
	GlobalSection(NestedProjects) = preSolution
		{636CA5FA-3781-44C8-8904-7740FEDBD11D} = {C7B6C9F2-43F8-44C8-99B8-AFAB0878B612}
	EndGlobalSection
	GlobalSection(ExtensibilityGlobals) = postSolution
		SolutionGuid = {6FB139FA-6F57-409E-A7A2-ADAD39390FF1}
	EndGlobalSection
EndGlobal
